// !$*UTF8*$!
{
	archiveVersion = 1;
	classes = {
	};
	objectVersion = 46;
	objects = {

/* Begin PBXBuildFile section */
		0FC942571AB0FB450009F792 /* AppDelegate.swift in Sources */ = {isa = PBXBuildFile; fileRef = 0FC942561AB0FB450009F792 /* AppDelegate.swift */; };
		0FC9425A1AB0FB450009F792 /* myCoreDataProjectTest.xcdatamodeld in Sources */ = {isa = PBXBuildFile; fileRef = 0FC942581AB0FB450009F792 /* myCoreDataProjectTest.xcdatamodeld */; };
		0FC9425C1AB0FB450009F792 /* ViewController.swift in Sources */ = {isa = PBXBuildFile; fileRef = 0FC9425B1AB0FB450009F792 /* ViewController.swift */; };
		0FC9425F1AB0FB450009F792 /* Main.storyboard in Resources */ = {isa = PBXBuildFile; fileRef = 0FC9425D1AB0FB450009F792 /* Main.storyboard */; };
		0FC942611AB0FB450009F792 /* Images.xcassets in Resources */ = {isa = PBXBuildFile; fileRef = 0FC942601AB0FB450009F792 /* Images.xcassets */; };
		0FC942641AB0FB450009F792 /* LaunchScreen.xib in Resources */ = {isa = PBXBuildFile; fileRef = 0FC942621AB0FB450009F792 /* LaunchScreen.xib */; };
		0FC942701AB0FB450009F792 /* myCoreDataProjectTestTests.swift in Sources */ = {isa = PBXBuildFile; fileRef = 0FC9426F1AB0FB450009F792 /* myCoreDataProjectTestTests.swift */; };
/* End PBXBuildFile section */

/* Begin PBXContainerItemProxy section */
		0FC9426A1AB0FB450009F792 /* PBXContainerItemProxy */ = {
			isa = PBXContainerItemProxy;
			containerPortal = 0FC942491AB0FB450009F792 /* Project object */;
			proxyType = 1;
			remoteGlobalIDString = 0FC942501AB0FB450009F792;
			remoteInfo = myCoreDataProjectTest;
		};
/* End PBXContainerItemProxy section */

/* Begin PBXFileReference section */
		0FC942511AB0FB450009F792 /* myCoreDataProjectTest.app */ = {isa = PBXFileReference; explicitFileType = wrapper.application; includeInIndex = 0; path = myCoreDataProjectTest.app; sourceTree = BUILT_PRODUCTS_DIR; };
		0FC942551AB0FB450009F792 /* Info.plist */ = {isa = PBXFileReference; lastKnownFileType = text.plist.xml; path = Info.plist; sourceTree = "<group>"; };
		0FC942561AB0FB450009F792 /* AppDelegate.swift */ = {isa = PBXFileReference; lastKnownFileType = sourcecode.swift; path = AppDelegate.swift; sourceTree = "<group>"; };
		0FC942591AB0FB450009F792 /* myCoreDataProjectTest.xcdatamodel */ = {isa = PBXFileReference; lastKnownFileType = wrapper.xcdatamodel; path = myCoreDataProjectTest.xcdatamodel; sourceTree = "<group>"; };
		0FC9425B1AB0FB450009F792 /* ViewController.swift */ = {isa = PBXFileReference; lastKnownFileType = sourcecode.swift; path = ViewController.swift; sourceTree = "<group>"; };
		0FC9425E1AB0FB450009F792 /* Base */ = {isa = PBXFileReference; lastKnownFileType = file.storyboard; name = Base; path = Base.lproj/Main.storyboard; sourceTree = "<group>"; };
		0FC942601AB0FB450009F792 /* Images.xcassets */ = {isa = PBXFileReference; lastKnownFileType = folder.assetcatalog; path = Images.xcassets; sourceTree = "<group>"; };
		0FC942631AB0FB450009F792 /* Base */ = {isa = PBXFileReference; lastKnownFileType = file.xib; name = Base; path = Base.lproj/LaunchScreen.xib; sourceTree = "<group>"; };
		0FC942691AB0FB450009F792 /* myCoreDataProjectTestTests.xctest */ = {isa = PBXFileReference; explicitFileType = wrapper.cfbundle; includeInIndex = 0; path = myCoreDataProjectTestTests.xctest; sourceTree = BUILT_PRODUCTS_DIR; };
		0FC9426E1AB0FB450009F792 /* Info.plist */ = {isa = PBXFileReference; lastKnownFileType = text.plist.xml; path = Info.plist; sourceTree = "<group>"; };
		0FC9426F1AB0FB450009F792 /* myCoreDataProjectTestTests.swift */ = {isa = PBXFileReference; lastKnownFileType = sourcecode.swift; path = myCoreDataProjectTestTests.swift; sourceTree = "<group>"; };
/* End PBXFileReference section */

/* Begin PBXFrameworksBuildPhase section */
		0FC9424E1AB0FB450009F792 /* Frameworks */ = {
			isa = PBXFrameworksBuildPhase;
			buildActionMask = 2147483647;
			files = (
			);
			runOnlyForDeploymentPostprocessing = 0;
		};
		0FC942661AB0FB450009F792 /* Frameworks */ = {
			isa = PBXFrameworksBuildPhase;
			buildActionMask = 2147483647;
			files = (
			);
			runOnlyForDeploymentPostprocessing = 0;
		};
/* End PBXFrameworksBuildPhase section */

/* Begin PBXGroup section */
		0FC942481AB0FB450009F792 = {
			isa = PBXGroup;
			children = (
				0FC942531AB0FB450009F792 /* myCoreDataProjectTest */,
				0FC9426C1AB0FB450009F792 /* myCoreDataProjectTestTests */,
				0FC942521AB0FB450009F792 /* Products */,
			);
			sourceTree = "<group>";
		};
		0FC942521AB0FB450009F792 /* Products */ = {
			isa = PBXGroup;
			children = (
				0FC942511AB0FB450009F792 /* myCoreDataProjectTest.app */,
				0FC942691AB0FB450009F792 /* myCoreDataProjectTestTests.xctest */,
			);
			name = Products;
			sourceTree = "<group>";
		};
		0FC942531AB0FB450009F792 /* myCoreDataProjectTest */ = {
			isa = PBXGroup;
			children = (
				0FC942561AB0FB450009F792 /* AppDelegate.swift */,
				0FC9425B1AB0FB450009F792 /* ViewController.swift */,
				0FC9425D1AB0FB450009F792 /* Main.storyboard */,
				0FC942601AB0FB450009F792 /* Images.xcassets */,
				0FC942621AB0FB450009F792 /* LaunchScreen.xib */,
				0FC942581AB0FB450009F792 /* myCoreDataProjectTest.xcdatamodeld */,
				0FC942541AB0FB450009F792 /* Supporting Files */,
			);
			path = myCoreDataProjectTest;
			sourceTree = "<group>";
		};
		0FC942541AB0FB450009F792 /* Supporting Files */ = {
			isa = PBXGroup;
			children = (
				0FC942551AB0FB450009F792 /* Info.plist */,
			);
			name = "Supporting Files";
			sourceTree = "<group>";
		};
		0FC9426C1AB0FB450009F792 /* myCoreDataProjectTestTests */ = {
			isa = PBXGroup;
			children = (
				0FC9426F1AB0FB450009F792 /* myCoreDataProjectTestTests.swift */,
				0FC9426D1AB0FB450009F792 /* Supporting Files */,
			);
			path = myCoreDataProjectTestTests;
			sourceTree = "<group>";
		};
		0FC9426D1AB0FB450009F792 /* Supporting Files */ = {
			isa = PBXGroup;
			children = (
				0FC9426E1AB0FB450009F792 /* Info.plist */,
			);
			name = "Supporting Files";
			sourceTree = "<group>";
		};
/* End PBXGroup section */

/* Begin PBXNativeTarget section */
		0FC942501AB0FB450009F792 /* myCoreDataProjectTest */ = {
			isa = PBXNativeTarget;
			buildConfigurationList = 0FC942731AB0FB450009F792 /* Build configuration list for PBXNativeTarget "myCoreDataProjectTest" */;
			buildPhases = (
				0FC9424D1AB0FB450009F792 /* Sources */,
				0FC9424E1AB0FB450009F792 /* Frameworks */,
				0FC9424F1AB0FB450009F792 /* Resources */,
			);
			buildRules = (
			);
			dependencies = (
			);
			name = myCoreDataProjectTest;
			productName = myCoreDataProjectTest;
			productReference = 0FC942511AB0FB450009F792 /* myCoreDataProjectTest.app */;
			productType = "com.apple.product-type.application";
		};
		0FC942681AB0FB450009F792 /* myCoreDataProjectTestTests */ = {
			isa = PBXNativeTarget;
			buildConfigurationList = 0FC942761AB0FB450009F792 /* Build configuration list for PBXNativeTarget "myCoreDataProjectTestTests" */;
			buildPhases = (
				0FC942651AB0FB450009F792 /* Sources */,
				0FC942661AB0FB450009F792 /* Frameworks */,
				0FC942671AB0FB450009F792 /* Resources */,
			);
			buildRules = (
			);
			dependencies = (
				0FC9426B1AB0FB450009F792 /* PBXTargetDependency */,
			);
			name = myCoreDataProjectTestTests;
			productName = myCoreDataProjectTestTests;
			productReference = 0FC942691AB0FB450009F792 /* myCoreDataProjectTestTests.xctest */;
			productType = "com.apple.product-type.bundle.unit-test";
		};
/* End PBXNativeTarget section */

/* Begin PBXProject section */
		0FC942491AB0FB450009F792 /* Project object */ = {
			isa = PBXProject;
			attributes = {
				LastUpgradeCheck = 0610;
				ORGANIZATIONNAME = "Sean Reed";
				TargetAttributes = {
					0FC942501AB0FB450009F792 = {
						CreatedOnToolsVersion = 6.1.1;
					};
					0FC942681AB0FB450009F792 = {
						CreatedOnToolsVersion = 6.1.1;
						TestTargetID = 0FC942501AB0FB450009F792;
					};
				};
			};
			buildConfigurationList = 0FC9424C1AB0FB450009F792 /* Build configuration list for PBXProject "myCoreDataProjectTest" */;
			compatibilityVersion = "Xcode 3.2";
			developmentRegion = English;
			hasScannedForEncodings = 0;
			knownRegions = (
				en,
				Base,
			);
			mainGroup = 0FC942481AB0FB450009F792;
			productRefGroup = 0FC942521AB0FB450009F792 /* Products */;
			projectDirPath = "";
			projectRoot = "";
			targets = (
				0FC942501AB0FB450009F792 /* myCoreDataProjectTest */,
				0FC942681AB0FB450009F792 /* myCoreDataProjectTestTests */,
			);
		};
/* End PBXProject section */

/* Begin PBXResourcesBuildPhase section */
		0FC9424F1AB0FB450009F792 /* Resources */ = {
			isa = PBXResourcesBuildPhase;
			buildActionMask = 2147483647;
			files = (
				0FC9425F1AB0FB450009F792 /* Main.storyboard in Resources */,
				0FC942641AB0FB450009F792 /* LaunchScreen.xib in Resources */,
				0FC942611AB0FB450009F792 /* Images.xcassets in Resources */,
			);
			runOnlyForDeploymentPostprocessing = 0;
		};
		0FC942671AB0FB450009F792 /* Resources */ = {
			isa = PBXResourcesBuildPhase;
			buildActionMask = 2147483647;
			files = (
			);
			runOnlyForDeploymentPostprocessing = 0;
		};
/* End PBXResourcesBuildPhase section */

/* Begin PBXSourcesBuildPhase section */
		0FC9424D1AB0FB450009F792 /* Sources */ = {
			isa = PBXSourcesBuildPhase;
			buildActionMask = 2147483647;
			files = (
				0FC9425C1AB0FB450009F792 /* ViewController.swift in Sources */,
				0FC9425A1AB0FB450009F792 /* myCoreDataProjectTest.xcdatamodeld in Sources */,
				0FC942571AB0FB450009F792 /* AppDelegate.swift in Sources */,
			);
			runOnlyForDeploymentPostprocessing = 0;
		};
		0FC942651AB0FB450009F792 /* Sources */ = {
			isa = PBXSourcesBuildPhase;
			buildActionMask = 2147483647;
			files = (
				0FC942701AB0FB450009F792 /* myCoreDataProjectTestTests.swift in Sources */,
			);
			runOnlyForDeploymentPostprocessing = 0;
		};
/* End PBXSourcesBuildPhase section */

/* Begin PBXTargetDependency section */
		0FC9426B1AB0FB450009F792 /* PBXTargetDependency */ = {
			isa = PBXTargetDependency;
			target = 0FC942501AB0FB450009F792 /* myCoreDataProjectTest */;
			targetProxy = 0FC9426A1AB0FB450009F792 /* PBXContainerItemProxy */;
		};
/* End PBXTargetDependency section */

/* Begin PBXVariantGroup section */
		0FC9425D1AB0FB450009F792 /* Main.storyboard */ = {
			isa = PBXVariantGroup;
			children = (
				0FC9425E1AB0FB450009F792 /* Base */,
			);
			name = Main.storyboard;
			sourceTree = "<group>";
		};
		0FC942621AB0FB450009F792 /* LaunchScreen.xib */ = {
			isa = PBXVariantGroup;
			children = (
				0FC942631AB0FB450009F792 /* Base */,
			);
			name = LaunchScreen.xib;
			sourceTree = "<group>";
		};
/* End PBXVariantGroup section */

/* Begin XCBuildConfiguration section */
		0FC942711AB0FB450009F792 /* Debug */ = {
			isa = XCBuildConfiguration;
			buildSettings = {
				ALWAYS_SEARCH_USER_PATHS = NO;
				CLANG_CXX_LANGUAGE_STANDARD = "gnu++0x";
				CLANG_CXX_LIBRARY = "libc++";
				CLANG_ENABLE_MODULES = YES;
				CLANG_ENABLE_OBJC_ARC = YES;
				CLANG_WARN_BOOL_CONVERSION = YES;
				CLANG_WARN_CONSTANT_CONVERSION = YES;
				CLANG_WARN_DIRECT_OBJC_ISA_USAGE = YES_ERROR;
				CLANG_WARN_EMPTY_BODY = YES;
				CLANG_WARN_ENUM_CONVERSION = YES;
				CLANG_WARN_INT_CONVERSION = YES;
				CLANG_WARN_OBJC_ROOT_CLASS = YES_ERROR;
				CLANG_WARN_UNREACHABLE_CODE = YES;
				CLANG_WARN__DUPLICATE_METHOD_MATCH = YES;
				"CODE_SIGN_IDENTITY[sdk=iphoneos*]" = "iPhone Developer";
				COPY_PHASE_STRIP = NO;
				ENABLE_STRICT_OBJC_MSGSEND = YES;
				GCC_C_LANGUAGE_STANDARD = gnu99;
				GCC_DYNAMIC_NO_PIC = NO;
				GCC_OPTIMIZATION_LEVEL = 0;
				GCC_PREPROCESSOR_DEFINITIONS = (
					"DEBUG=1",
					"$(inherited)",
				);
				GCC_SYMBOLS_PRIVATE_EXTERN = NO;
				GCC_WARN_64_TO_32_BIT_CONVERSION = YES;
				GCC_WARN_ABOUT_RETURN_TYPE = YES_ERROR;
				GCC_WARN_UNDECLARED_SELECTOR = YES;
				GCC_WARN_UNINITIALIZED_AUTOS = YES_AGGRESSIVE;
				GCC_WARN_UNUSED_FUNCTION = YES;
				GCC_WARN_UNUSED_VARIABLE = YES;
				IPHONEOS_DEPLOYMENT_TARGET = 8.1;
				MTL_ENABLE_DEBUG_INFO = YES;
				ONLY_ACTIVE_ARCH = YES;
				SDKROOT = iphoneos;
				SWIFT_OPTIMIZATION_LEVEL = "-Onone";
			};
			name = Debug;
		};
		0FC942721AB0FB450009F792 /* Release */ = {
			isa = XCBuildConfiguration;
			buildSettings = {
				ALWAYS_SEARCH_USER_PATHS = NO;
				CLANG_CXX_LANGUAGE_STANDARD = "gnu++0x";
				CLANG_CXX_LIBRARY = "libc++";
				CLANG_ENABLE_MODULES = YES;
				CLANG_ENABLE_OBJC_ARC = YES;
				CLANG_WARN_BOOL_CONVERSION = YES;
				CLANG_WARN_CONSTANT_CONVERSION = YES;
				CLANG_WARN_DIRECT_OBJC_ISA_USAGE = YES_ERROR;
				CLANG_WARN_EMPTY_BODY = YES;
				CLANG_WARN_ENUM_CONVERSION = YES;
				CLANG_WARN_INT_CONVERSION = YES;
				CLANG_WARN_OBJC_ROOT_CLASS = YES_ERROR;
				CLANG_WARN_UNREACHABLE_CODE = YES;
				CLANG_WARN__DUPLICATE_METHOD_MATCH = YES;
				"CODE_SIGN_IDENTITY[sdk=iphoneos*]" = "iPhone Developer";
				COPY_PHASE_STRIP = YES;
				ENABLE_NS_ASSERTIONS = NO;
				ENABLE_STRICT_OBJC_MSGSEND = YES;
				GCC_C_LANGUAGE_STANDARD = gnu99;
				GCC_WARN_64_TO_32_BIT_CONVERSION = YES;
				GCC_WARN_ABOUT_RETURN_TYPE = YES_ERROR;
				GCC_WARN_UNDECLARED_SELECTOR = YES;
				GCC_WARN_UNINITIALIZED_AUTOS = YES_AGGRESSIVE;
				GCC_WARN_UNUSED_FUNCTION = YES;
				GCC_WARN_UNUSED_VARIABLE = YES;
				IPHONEOS_DEPLOYMENT_TARGET = 8.1;
				MTL_ENABLE_DEBUG_INFO = NO;
				SDKROOT = iphoneos;
				VALIDATE_PRODUCT = YES;
			};
			name = Release;
		};
		0FC942741AB0FB450009F792 /* Debug */ = {
			isa = XCBuildConfiguration;
			buildSettings = {
				ASSETCATALOG_COMPILER_APPICON_NAME = AppIcon;
				INFOPLIST_FILE = myCoreDataProjectTest/Info.plist;
				LD_RUNPATH_SEARCH_PATHS = "$(inherited) @executable_path/Frameworks";
				PRODUCT_NAME = "$(TARGET_NAME)";
			};
			name = Debug;
		};
		0FC942751AB0FB450009F792 /* Release */ = {
			isa = XCBuildConfiguration;
			buildSettings = {
				ASSETCATALOG_COMPILER_APPICON_NAME = AppIcon;
				INFOPLIST_FILE = myCoreDataProjectTest/Info.plist;
				LD_RUNPATH_SEARCH_PATHS = "$(inherited) @executable_path/Frameworks";
				PRODUCT_NAME = "$(TARGET_NAME)";
			};
			name = Release;
		};
		0FC942771AB0FB450009F792 /* Debug */ = {
			isa = XCBuildConfiguration;
			buildSettings = {
				BUNDLE_LOADER = "$(TEST_HOST)";
				FRAMEWORK_SEARCH_PATHS = (
					"$(SDKROOT)/Developer/Library/Frameworks",
					"$(inherited)",
				);
				GCC_PREPROCESSOR_DEFINITIONS = (
					"DEBUG=1",
					"$(inherited)",
				);
				INFOPLIST_FILE = myCoreDataProjectTestTests/Info.plist;
				LD_RUNPATH_SEARCH_PATHS = "$(inherited) @executable_path/Frameworks @loader_path/Frameworks";
				PRODUCT_NAME = "$(TARGET_NAME)";
				TEST_HOST = "$(BUILT_PRODUCTS_DIR)/myCoreDataProjectTest.app/myCoreDataProjectTest";
			};
			name = Debug;
		};
		0FC942781AB0FB450009F792 /* Release */ = {
			isa = XCBuildConfiguration;
			buildSettings = {
				BUNDLE_LOADER = "$(TEST_HOST)";
				FRAMEWORK_SEARCH_PATHS = (
					"$(SDKROOT)/Developer/Library/Frameworks",
					"$(inherited)",
				);
				INFOPLIST_FILE = myCoreDataProjectTestTests/Info.plist;
				LD_RUNPATH_SEARCH_PATHS = "$(inherited) @executable_path/Frameworks @loader_path/Frameworks";
				PRODUCT_NAME = "$(TARGET_NAME)";
				TEST_HOST = "$(BUILT_PRODUCTS_DIR)/myCoreDataProjectTest.app/myCoreDataProjectTest";
			};
			name = Release;
		};
/* End XCBuildConfiguration section */

/* Begin XCConfigurationList section */
		0FC9424C1AB0FB450009F792 /* Build configuration list for PBXProject "myCoreDataProjectTest" */ = {
			isa = XCConfigurationList;
			buildConfigurations = (
				0FC942711AB0FB450009F792 /* Debug */,
				0FC942721AB0FB450009F792 /* Release */,
			);
			defaultConfigurationIsVisible = 0;
			defaultConfigurationName = Release;
		};
		0FC942731AB0FB450009F792 /* Build configuration list for PBXNativeTarget "myCoreDataProjectTest" */ = {
			isa = XCConfigurationList;
			buildConfigurations = (
				0FC942741AB0FB450009F792 /* Debug */,
				0FC942751AB0FB450009F792 /* Release */,
			);
			defaultConfigurationIsVisible = 0;
		};
		0FC942761AB0FB450009F792 /* Build configuration list for PBXNativeTarget "myCoreDataProjectTestTests" */ = {
			isa = XCConfigurationList;
			buildConfigurations = (
				0FC942771AB0FB450009F792 /* Debug */,
				0FC942781AB0FB450009F792 /* Release */,
			);
			defaultConfigurationIsVisible = 0;
		};
/* End XCConfigurationList section */

/* Begin XCVersionGroup section */
		0FC942581AB0FB450009F792 /* myCoreDataProjectTest.xcdatamodeld */ = {
			isa = XCVersionGroup;
			children = (
				0FC942591AB0FB450009F792 /* myCoreDataProjectTest.xcdatamodel */,
			);
			currentVersion = 0FC942591AB0FB450009F792 /* myCoreDataProjectTest.xcdatamodel */;
			path = myCoreDataProjectTest.xcdatamodeld;
			sourceTree = "<group>";
			versionGroupType = wrapper.xcdatamodel;
		};
/* End XCVersionGroup section */
	};
	rootObject = 0FC942491AB0FB450009F792 /* Project object */;
}
